// !$*UTF8*$!
{
	archiveVersion = 1;
	classes = {
	};
	objectVersion = 50;
	objects = {

/* Begin PBXBuildFile section */
		254E756E2396EC6B00D007B2 /* RandomVinProvider.swift in Sources */ = {isa = PBXBuildFile; fileRef = 254E756D2396EC6B00D007B2 /* RandomVinProvider.swift */; };
		254E75702396ECA500D007B2 /* VINDecoder.swift in Sources */ = {isa = PBXBuildFile; fileRef = 254E756F2396ECA500D007B2 /* VINDecoder.swift */; };
		254E75722396ECB700D007B2 /* VINDecodeResponse.swift in Sources */ = {isa = PBXBuildFile; fileRef = 254E75712396ECB700D007B2 /* VINDecodeResponse.swift */; };
		25E7D7A223CCECD000F76A9F /* AppDelegate.swift in Sources */ = {isa = PBXBuildFile; fileRef = 25E7D7A123CCECD000F76A9F /* AppDelegate.swift */; };
		25E7D7A423CCECD300F76A9F /* Assets.xcassets in Resources */ = {isa = PBXBuildFile; fileRef = 25E7D7A323CCECD300F76A9F /* Assets.xcassets */; };
		25E7D7AE23CCEF3400F76A9F /* RandomVinProvider.swift in Sources */ = {isa = PBXBuildFile; fileRef = 254E756D2396EC6B00D007B2 /* RandomVinProvider.swift */; };
		25E7D7AF23CCEF4200F76A9F /* VINDecoder.swift in Sources */ = {isa = PBXBuildFile; fileRef = 254E756F2396ECA500D007B2 /* VINDecoder.swift */; };
		25E7D7B023CCEF4600F76A9F /* VINDecodeResponse.swift in Sources */ = {isa = PBXBuildFile; fileRef = 254E75712396ECB700D007B2 /* VINDecodeResponse.swift */; };
		25E7D7B523CCF0E800F76A9F /* QRCodeGenerator.swift in Sources */ = {isa = PBXBuildFile; fileRef = 25E7D7B423CCF0E800F76A9F /* QRCodeGenerator.swift */; };
		25E7D7B923CCF58F00F76A9F /* Main.storyboard in Resources */ = {isa = PBXBuildFile; fileRef = 25E7D7B823CCF58F00F76A9F /* Main.storyboard */; };
		25E7D7BB23CCF6DB00F76A9F /* RandomVinGeneratorNSViewController.swift in Sources */ = {isa = PBXBuildFile; fileRef = 25E7D7BA23CCF6DB00F76A9F /* RandomVinGeneratorNSViewController.swift */; };
		25E7D7BD23CCF82B00F76A9F /* RandomVinLoading.swift in Sources */ = {isa = PBXBuildFile; fileRef = 25E7D7BC23CCF82B00F76A9F /* RandomVinLoading.swift */; };
		25E7D7BE23CCF82B00F76A9F /* RandomVinLoading.swift in Sources */ = {isa = PBXBuildFile; fileRef = 25E7D7BC23CCF82B00F76A9F /* RandomVinLoading.swift */; };
		25E7D7C023CCF9F400F76A9F /* GenericErrorShowable.swift in Sources */ = {isa = PBXBuildFile; fileRef = 25E7D7BF23CCF9F400F76A9F /* GenericErrorShowable.swift */; };
		25E7D7C123CCF9F400F76A9F /* GenericErrorShowable.swift in Sources */ = {isa = PBXBuildFile; fileRef = 25E7D7BF23CCF9F400F76A9F /* GenericErrorShowable.swift */; };
		25E7D7C323CCFA6400F76A9F /* FromVinDecodeResponseUISetuping.swift in Sources */ = {isa = PBXBuildFile; fileRef = 25E7D7C223CCFA6400F76A9F /* FromVinDecodeResponseUISetuping.swift */; };
		25E7D7C423CCFA6400F76A9F /* FromVinDecodeResponseUISetuping.swift in Sources */ = {isa = PBXBuildFile; fileRef = 25E7D7C223CCFA6400F76A9F /* FromVinDecodeResponseUISetuping.swift */; };
/* End PBXBuildFile section */

/* Begin PBXFileReference section */
		254E75522396EC0B00D007B2 /* VINGenerator.app */ = {isa = PBXFileReference; explicitFileType = wrapper.application; includeInIndex = 0; path = VINGenerator.app; sourceTree = BUILT_PRODUCTS_DIR; };
		254E756D2396EC6B00D007B2 /* RandomVinProvider.swift */ = {isa = PBXFileReference; lastKnownFileType = sourcecode.swift; path = RandomVinProvider.swift; sourceTree = "<group>"; };
		254E756F2396ECA500D007B2 /* VINDecoder.swift */ = {isa = PBXFileReference; lastKnownFileType = sourcecode.swift; path = VINDecoder.swift; sourceTree = "<group>"; };
		254E75712396ECB700D007B2 /* VINDecodeResponse.swift */ = {isa = PBXFileReference; lastKnownFileType = sourcecode.swift; path = VINDecodeResponse.swift; sourceTree = "<group>"; };
		25E7D79F23CCECD000F76A9F /* VINGenerator-mac.app */ = {isa = PBXFileReference; explicitFileType = wrapper.application; includeInIndex = 0; path = "VINGenerator-mac.app"; sourceTree = BUILT_PRODUCTS_DIR; };
		25E7D7A123CCECD000F76A9F /* AppDelegate.swift */ = {isa = PBXFileReference; lastKnownFileType = sourcecode.swift; path = AppDelegate.swift; sourceTree = "<group>"; };
		25E7D7A323CCECD300F76A9F /* Assets.xcassets */ = {isa = PBXFileReference; lastKnownFileType = folder.assetcatalog; path = Assets.xcassets; sourceTree = "<group>"; };
		25E7D7A823CCECD300F76A9F /* Info.plist */ = {isa = PBXFileReference; lastKnownFileType = text.plist.xml; path = Info.plist; sourceTree = "<group>"; };
		25E7D7A923CCECD300F76A9F /* VINGenerator_mac.entitlements */ = {isa = PBXFileReference; lastKnownFileType = text.plist.entitlements; path = VINGenerator_mac.entitlements; sourceTree = "<group>"; };
		25E7D7B423CCF0E800F76A9F /* QRCodeGenerator.swift */ = {isa = PBXFileReference; lastKnownFileType = sourcecode.swift; path = QRCodeGenerator.swift; sourceTree = "<group>"; };
		25E7D7B823CCF58F00F76A9F /* Main.storyboard */ = {isa = PBXFileReference; lastKnownFileType = file.storyboard; path = Main.storyboard; sourceTree = "<group>"; };
		25E7D7BA23CCF6DB00F76A9F /* RandomVinGeneratorNSViewController.swift */ = {isa = PBXFileReference; lastKnownFileType = sourcecode.swift; path = RandomVinGeneratorNSViewController.swift; sourceTree = "<group>"; };
		25E7D7BC23CCF82B00F76A9F /* RandomVinLoading.swift */ = {isa = PBXFileReference; lastKnownFileType = sourcecode.swift; path = RandomVinLoading.swift; sourceTree = "<group>"; };
		25E7D7BF23CCF9F400F76A9F /* GenericErrorShowable.swift */ = {isa = PBXFileReference; lastKnownFileType = sourcecode.swift; path = GenericErrorShowable.swift; sourceTree = "<group>"; };
		25E7D7C223CCFA6400F76A9F /* FromVinDecodeResponseUISetuping.swift */ = {isa = PBXFileReference; lastKnownFileType = sourcecode.swift; path = FromVinDecodeResponseUISetuping.swift; sourceTree = "<group>"; };
/* End PBXFileReference section */

/* Begin PBXFrameworksBuildPhase section */
		254E754F2396EC0B00D007B2 /* Frameworks */ = {
			isa = PBXFrameworksBuildPhase;
			buildActionMask = 2147483647;
			files = (
			);
			runOnlyForDeploymentPostprocessing = 0;
		};
		25E7D79C23CCECD000F76A9F /* Frameworks */ = {
			isa = PBXFrameworksBuildPhase;
			buildActionMask = 2147483647;
			files = (
			);
			runOnlyForDeploymentPostprocessing = 0;
		};
/* End PBXFrameworksBuildPhase section */

/* Begin PBXGroup section */
		254E75492396EC0B00D007B2 = {
			isa = PBXGroup;
			children = (
				25E7D7B123CCEF5200F76A9F /* Shared Code */,
				25E7D7A023CCECD000F76A9F /* VINGenerator-mac */,
				254E75532396EC0B00D007B2 /* Products */,
			);
			sourceTree = "<group>";
		};
		254E75532396EC0B00D007B2 /* Products */ = {
			isa = PBXGroup;
			children = (
				254E75522396EC0B00D007B2 /* VINGenerator.app */,
				25E7D79F23CCECD000F76A9F /* VINGenerator-mac.app */,
			);
			name = Products;
			sourceTree = "<group>";
		};
		25E7D7A023CCECD000F76A9F /* VINGenerator-mac */ = {
			isa = PBXGroup;
			children = (
				25E7D7A123CCECD000F76A9F /* AppDelegate.swift */,
				25E7D7A323CCECD300F76A9F /* Assets.xcassets */,
				25E7D7A823CCECD300F76A9F /* Info.plist */,
				25E7D7A923CCECD300F76A9F /* VINGenerator_mac.entitlements */,
				25E7D7B423CCF0E800F76A9F /* QRCodeGenerator.swift */,
				25E7D7B823CCF58F00F76A9F /* Main.storyboard */,
				25E7D7BA23CCF6DB00F76A9F /* RandomVinGeneratorNSViewController.swift */,
			);
			path = "VINGenerator-mac";
			sourceTree = "<group>";
		};
		25E7D7B123CCEF5200F76A9F /* Shared Code */ = {
			isa = PBXGroup;
			children = (
				254E756D2396EC6B00D007B2 /* RandomVinProvider.swift */,
				254E756F2396ECA500D007B2 /* VINDecoder.swift */,
				254E75712396ECB700D007B2 /* VINDecodeResponse.swift */,
				25E7D7BC23CCF82B00F76A9F /* RandomVinLoading.swift */,
				25E7D7BF23CCF9F400F76A9F /* GenericErrorShowable.swift */,
				25E7D7C223CCFA6400F76A9F /* FromVinDecodeResponseUISetuping.swift */,
			);
			path = "Shared Code";
			sourceTree = "<group>";
		};
/* End PBXGroup section */

/* Begin PBXNativeTarget section */
		254E75512396EC0B00D007B2 /* VINGenerator */ = {
			isa = PBXNativeTarget;
			buildConfigurationList = 254E75662396EC0E00D007B2 /* Build configuration list for PBXNativeTarget "VINGenerator" */;
			buildPhases = (
				254E754E2396EC0B00D007B2 /* Sources */,
				254E754F2396EC0B00D007B2 /* Frameworks */,
				254E75502396EC0B00D007B2 /* Resources */,
			);
			buildRules = (
			);
			dependencies = (
			);
			name = VINGenerator;
			productName = VINGenerator;
			productReference = 254E75522396EC0B00D007B2 /* VINGenerator.app */;
			productType = "com.apple.product-type.application";
		};
		25E7D79E23CCECD000F76A9F /* VINGenerator-mac */ = {
			isa = PBXNativeTarget;
			buildConfigurationList = 25E7D7AC23CCECD300F76A9F /* Build configuration list for PBXNativeTarget "VINGenerator-mac" */;
			buildPhases = (
				25E7D79B23CCECD000F76A9F /* Sources */,
				25E7D79C23CCECD000F76A9F /* Frameworks */,
				25E7D79D23CCECD000F76A9F /* Resources */,
			);
			buildRules = (
			);
			dependencies = (
			);
			name = "VINGenerator-mac";
			productName = "VINGenerator-mac";
			productReference = 25E7D79F23CCECD000F76A9F /* VINGenerator-mac.app */;
			productType = "com.apple.product-type.application";
		};
/* End PBXNativeTarget section */

/* Begin PBXProject section */
		254E754A2396EC0B00D007B2 /* Project object */ = {
			isa = PBXProject;
			attributes = {
				LastSwiftUpdateCheck = 1130;
				LastUpgradeCheck = 1120;
				ORGANIZATIONNAME = "Daian Aziatov";
				TargetAttributes = {
					254E75512396EC0B00D007B2 = {
						CreatedOnToolsVersion = 11.2.1;
					};
					25E7D79E23CCECD000F76A9F = {
						CreatedOnToolsVersion = 11.3;
					};
				};
			};
			buildConfigurationList = 254E754D2396EC0B00D007B2 /* Build configuration list for PBXProject "VINGenerator" */;
			compatibilityVersion = "Xcode 9.3";
			developmentRegion = en;
			hasScannedForEncodings = 0;
			knownRegions = (
				en,
				Base,
			);
			mainGroup = 254E75492396EC0B00D007B2;
			productRefGroup = 254E75532396EC0B00D007B2 /* Products */;
			projectDirPath = "";
			projectRoot = "";
			targets = (
				254E75512396EC0B00D007B2 /* VINGenerator */,
				25E7D79E23CCECD000F76A9F /* VINGenerator-mac */,
			);
		};
/* End PBXProject section */

/* Begin PBXResourcesBuildPhase section */
		254E75502396EC0B00D007B2 /* Resources */ = {
			isa = PBXResourcesBuildPhase;
			buildActionMask = 2147483647;
			files = (
			);
			runOnlyForDeploymentPostprocessing = 0;
		};
		25E7D79D23CCECD000F76A9F /* Resources */ = {
			isa = PBXResourcesBuildPhase;
			buildActionMask = 2147483647;
			files = (
				25E7D7B923CCF58F00F76A9F /* Main.storyboard in Resources */,
				25E7D7A423CCECD300F76A9F /* Assets.xcassets in Resources */,
			);
			runOnlyForDeploymentPostprocessing = 0;
		};
/* End PBXResourcesBuildPhase section */

/* Begin PBXSourcesBuildPhase section */
		254E754E2396EC0B00D007B2 /* Sources */ = {
			isa = PBXSourcesBuildPhase;
			buildActionMask = 2147483647;
			files = (
				25E7D7BD23CCF82B00F76A9F /* RandomVinLoading.swift in Sources */,
				25E7D7C023CCF9F400F76A9F /* GenericErrorShowable.swift in Sources */,
				254E75722396ECB700D007B2 /* VINDecodeResponse.swift in Sources */,
				254E75702396ECA500D007B2 /* VINDecoder.swift in Sources */,
				254E756E2396EC6B00D007B2 /* RandomVinProvider.swift in Sources */,
				25E7D7C323CCFA6400F76A9F /* FromVinDecodeResponseUISetuping.swift in Sources */,
			);
			runOnlyForDeploymentPostprocessing = 0;
		};
		25E7D79B23CCECD000F76A9F /* Sources */ = {
			isa = PBXSourcesBuildPhase;
			buildActionMask = 2147483647;
			files = (
				25E7D7A223CCECD000F76A9F /* AppDelegate.swift in Sources */,
				25E7D7BE23CCF82B00F76A9F /* RandomVinLoading.swift in Sources */,
				25E7D7C123CCF9F400F76A9F /* GenericErrorShowable.swift in Sources */,
				25E7D7B523CCF0E800F76A9F /* QRCodeGenerator.swift in Sources */,
				25E7D7B023CCEF4600F76A9F /* VINDecodeResponse.swift in Sources */,
				25E7D7AF23CCEF4200F76A9F /* VINDecoder.swift in Sources */,
				25E7D7BB23CCF6DB00F76A9F /* RandomVinGeneratorNSViewController.swift in Sources */,
				25E7D7AE23CCEF3400F76A9F /* RandomVinProvider.swift in Sources */,
				25E7D7C423CCFA6400F76A9F /* FromVinDecodeResponseUISetuping.swift in Sources */,
			);
			runOnlyForDeploymentPostprocessing = 0;
		};
/* End PBXSourcesBuildPhase section */

/* Begin XCBuildConfiguration section */
		254E75642396EC0E00D007B2 /* Debug */ = {
			isa = XCBuildConfiguration;
			buildSettings = {
				ALWAYS_SEARCH_USER_PATHS = NO;
				CLANG_ANALYZER_NONNULL = YES;
				CLANG_ANALYZER_NUMBER_OBJECT_CONVERSION = YES_AGGRESSIVE;
				CLANG_CXX_LANGUAGE_STANDARD = "gnu++14";
				CLANG_CXX_LIBRARY = "libc++";
				CLANG_ENABLE_MODULES = YES;
				CLANG_ENABLE_OBJC_ARC = YES;
				CLANG_ENABLE_OBJC_WEAK = YES;
				CLANG_WARN_BLOCK_CAPTURE_AUTORELEASING = YES;
				CLANG_WARN_BOOL_CONVERSION = YES;
				CLANG_WARN_COMMA = YES;
				CLANG_WARN_CONSTANT_CONVERSION = YES;
				CLANG_WARN_DEPRECATED_OBJC_IMPLEMENTATIONS = YES;
				CLANG_WARN_DIRECT_OBJC_ISA_USAGE = YES_ERROR;
				CLANG_WARN_DOCUMENTATION_COMMENTS = YES;
				CLANG_WARN_EMPTY_BODY = YES;
				CLANG_WARN_ENUM_CONVERSION = YES;
				CLANG_WARN_INFINITE_RECURSION = YES;
				CLANG_WARN_INT_CONVERSION = YES;
				CLANG_WARN_NON_LITERAL_NULL_CONVERSION = YES;
				CLANG_WARN_OBJC_IMPLICIT_RETAIN_SELF = YES;
				CLANG_WARN_OBJC_LITERAL_CONVERSION = YES;
				CLANG_WARN_OBJC_ROOT_CLASS = YES_ERROR;
				CLANG_WARN_RANGE_LOOP_ANALYSIS = YES;
				CLANG_WARN_STRICT_PROTOTYPES = YES;
				CLANG_WARN_SUSPICIOUS_MOVE = YES;
				CLANG_WARN_UNGUARDED_AVAILABILITY = YES_AGGRESSIVE;
				CLANG_WARN_UNREACHABLE_CODE = YES;
				CLANG_WARN__DUPLICATE_METHOD_MATCH = YES;
				COPY_PHASE_STRIP = NO;
				DEBUG_INFORMATION_FORMAT = dwarf;
				ENABLE_STRICT_OBJC_MSGSEND = YES;
				ENABLE_TESTABILITY = YES;
				GCC_C_LANGUAGE_STANDARD = gnu11;
				GCC_DYNAMIC_NO_PIC = NO;
				GCC_NO_COMMON_BLOCKS = YES;
				GCC_OPTIMIZATION_LEVEL = 0;
				GCC_PREPROCESSOR_DEFINITIONS = (
					"DEBUG=1",
					"$(inherited)",
				);
				GCC_WARN_64_TO_32_BIT_CONVERSION = YES;
				GCC_WARN_ABOUT_RETURN_TYPE = YES_ERROR;
				GCC_WARN_UNDECLARED_SELECTOR = YES;
				GCC_WARN_UNINITIALIZED_AUTOS = YES_AGGRESSIVE;
				GCC_WARN_UNUSED_FUNCTION = YES;
				GCC_WARN_UNUSED_VARIABLE = YES;
				IPHONEOS_DEPLOYMENT_TARGET = 13.2;
				MTL_ENABLE_DEBUG_INFO = INCLUDE_SOURCE;
				MTL_FAST_MATH = YES;
				ONLY_ACTIVE_ARCH = YES;
				SDKROOT = iphoneos;
				SWIFT_ACTIVE_COMPILATION_CONDITIONS = DEBUG;
				SWIFT_OPTIMIZATION_LEVEL = "-Onone";
			};
			name = Debug;
		};
		254E75652396EC0E00D007B2 /* Release */ = {
			isa = XCBuildConfiguration;
			buildSettings = {
				ALWAYS_SEARCH_USER_PATHS = NO;
				CLANG_ANALYZER_NONNULL = YES;
				CLANG_ANALYZER_NUMBER_OBJECT_CONVERSION = YES_AGGRESSIVE;
				CLANG_CXX_LANGUAGE_STANDARD = "gnu++14";
				CLANG_CXX_LIBRARY = "libc++";
				CLANG_ENABLE_MODULES = YES;
				CLANG_ENABLE_OBJC_ARC = YES;
				CLANG_ENABLE_OBJC_WEAK = YES;
				CLANG_WARN_BLOCK_CAPTURE_AUTORELEASING = YES;
				CLANG_WARN_BOOL_CONVERSION = YES;
				CLANG_WARN_COMMA = YES;
				CLANG_WARN_CONSTANT_CONVERSION = YES;
				CLANG_WARN_DEPRECATED_OBJC_IMPLEMENTATIONS = YES;
				CLANG_WARN_DIRECT_OBJC_ISA_USAGE = YES_ERROR;
				CLANG_WARN_DOCUMENTATION_COMMENTS = YES;
				CLANG_WARN_EMPTY_BODY = YES;
				CLANG_WARN_ENUM_CONVERSION = YES;
				CLANG_WARN_INFINITE_RECURSION = YES;
				CLANG_WARN_INT_CONVERSION = YES;
				CLANG_WARN_NON_LITERAL_NULL_CONVERSION = YES;
				CLANG_WARN_OBJC_IMPLICIT_RETAIN_SELF = YES;
				CLANG_WARN_OBJC_LITERAL_CONVERSION = YES;
				CLANG_WARN_OBJC_ROOT_CLASS = YES_ERROR;
				CLANG_WARN_RANGE_LOOP_ANALYSIS = YES;
				CLANG_WARN_STRICT_PROTOTYPES = YES;
				CLANG_WARN_SUSPICIOUS_MOVE = YES;
				CLANG_WARN_UNGUARDED_AVAILABILITY = YES_AGGRESSIVE;
				CLANG_WARN_UNREACHABLE_CODE = YES;
				CLANG_WARN__DUPLICATE_METHOD_MATCH = YES;
				COPY_PHASE_STRIP = NO;
				DEBUG_INFORMATION_FORMAT = "dwarf-with-dsym";
				ENABLE_NS_ASSERTIONS = NO;
				ENABLE_STRICT_OBJC_MSGSEND = YES;
				GCC_C_LANGUAGE_STANDARD = gnu11;
				GCC_NO_COMMON_BLOCKS = YES;
				GCC_WARN_64_TO_32_BIT_CONVERSION = YES;
				GCC_WARN_ABOUT_RETURN_TYPE = YES_ERROR;
				GCC_WARN_UNDECLARED_SELECTOR = YES;
				GCC_WARN_UNINITIALIZED_AUTOS = YES_AGGRESSIVE;
				GCC_WARN_UNUSED_FUNCTION = YES;
				GCC_WARN_UNUSED_VARIABLE = YES;
				IPHONEOS_DEPLOYMENT_TARGET = 13.2;
				MTL_ENABLE_DEBUG_INFO = NO;
				MTL_FAST_MATH = YES;
				SDKROOT = iphoneos;
				SWIFT_COMPILATION_MODE = wholemodule;
				SWIFT_OPTIMIZATION_LEVEL = "-O";
				VALIDATE_PRODUCT = YES;
			};
			name = Release;
		};
		254E75672396EC0E00D007B2 /* Debug */ = {
			isa = XCBuildConfiguration;
			buildSettings = {
				ASSETCATALOG_COMPILER_APPICON_NAME = AppIcon;
				CODE_SIGN_STYLE = Automatic;
				DEVELOPMENT_TEAM = QW6FKY6H2T;
				INFOPLIST_FILE = VINGenerator/Info.plist;
				LD_RUNPATH_SEARCH_PATHS = (
					"$(inherited)",
					"@executable_path/Frameworks",
				);
				PRODUCT_BUNDLE_IDENTIFIER = com.daianaiziatov.VINGenerator;
				PRODUCT_NAME = "$(TARGET_NAME)";
				SWIFT_VERSION = 5.0;
				TARGETED_DEVICE_FAMILY = "1,2";
			};
			name = Debug;
		};
		254E75682396EC0E00D007B2 /* Release */ = {
			isa = XCBuildConfiguration;
			buildSettings = {
				ASSETCATALOG_COMPILER_APPICON_NAME = AppIcon;
				CODE_SIGN_STYLE = Automatic;
				DEVELOPMENT_TEAM = QW6FKY6H2T;
				INFOPLIST_FILE = VINGenerator/Info.plist;
				LD_RUNPATH_SEARCH_PATHS = (
					"$(inherited)",
					"@executable_path/Frameworks",
				);
				PRODUCT_BUNDLE_IDENTIFIER = com.daianaiziatov.VINGenerator;
				PRODUCT_NAME = "$(TARGET_NAME)";
				SWIFT_VERSION = 5.0;
				TARGETED_DEVICE_FAMILY = "1,2";
			};
			name = Release;
		};
		25E7D7AA23CCECD300F76A9F /* Debug */ = {
			isa = XCBuildConfiguration;
			buildSettings = {
				ASSETCATALOG_COMPILER_APPICON_NAME = AppIcon;
				CODE_SIGN_ENTITLEMENTS = "VINGenerator-mac/VINGenerator_mac.entitlements";
				CODE_SIGN_STYLE = Automatic;
				COMBINE_HIDPI_IMAGES = YES;
				DEVELOPMENT_TEAM = QW6FKY6H2T;
				ENABLE_HARDENED_RUNTIME = YES;
				INFOPLIST_FILE = "VINGenerator-mac/Info.plist";
				LD_RUNPATH_SEARCH_PATHS = (
					"$(inherited)",
					"@executable_path/../Frameworks",
				);
				MACOSX_DEPLOYMENT_TARGET = 10.10;
				PRODUCT_BUNDLE_IDENTIFIER = "com.daianaiziatov.VINGenerator-mac";
				PRODUCT_NAME = "$(TARGET_NAME)";
				SDKROOT = macosx;
				SWIFT_VERSION = 5.0;
			};
			name = Debug;
		};
		25E7D7AB23CCECD300F76A9F /* Release */ = {
			isa = XCBuildConfiguration;
			buildSettings = {
				ASSETCATALOG_COMPILER_APPICON_NAME = AppIcon;
				CODE_SIGN_ENTITLEMENTS = "VINGenerator-mac/VINGenerator_mac.entitlements";
				CODE_SIGN_STYLE = Automatic;
				COMBINE_HIDPI_IMAGES = YES;
				DEVELOPMENT_TEAM = QW6FKY6H2T;
				ENABLE_HARDENED_RUNTIME = YES;
				INFOPLIST_FILE = "VINGenerator-mac/Info.plist";
				LD_RUNPATH_SEARCH_PATHS = (
					"$(inherited)",
					"@executable_path/../Frameworks",
				);
				MACOSX_DEPLOYMENT_TARGET = 10.10;
				PRODUCT_BUNDLE_IDENTIFIER = "com.daianaiziatov.VINGenerator-mac";
				PRODUCT_NAME = "$(TARGET_NAME)";
				SDKROOT = macosx;
				SWIFT_VERSION = 5.0;
			};
			name = Release;
		};
/* End XCBuildConfiguration section */

/* Begin XCConfigurationList section */
		254E754D2396EC0B00D007B2 /* Build configuration list for PBXProject "VINGenerator" */ = {
			isa = XCConfigurationList;
			buildConfigurations = (
				254E75642396EC0E00D007B2 /* Debug */,
				254E75652396EC0E00D007B2 /* Release */,
			);
			defaultConfigurationIsVisible = 0;
			defaultConfigurationName = Release;
		};
		254E75662396EC0E00D007B2 /* Build configuration list for PBXNativeTarget "VINGenerator" */ = {
			isa = XCConfigurationList;
			buildConfigurations = (
				254E75672396EC0E00D007B2 /* Debug */,
				254E75682396EC0E00D007B2 /* Release */,
			);
			defaultConfigurationIsVisible = 0;
			defaultConfigurationName = Release;
		};
		25E7D7AC23CCECD300F76A9F /* Build configuration list for PBXNativeTarget "VINGenerator-mac" */ = {
			isa = XCConfigurationList;
			buildConfigurations = (
				25E7D7AA23CCECD300F76A9F /* Debug */,
				25E7D7AB23CCECD300F76A9F /* Release */,
			);
			defaultConfigurationIsVisible = 0;
			defaultConfigurationName = Release;
		};
/* End XCConfigurationList section */
	};
	rootObject = 254E754A2396EC0B00D007B2 /* Project object */;
}
